
Microsoft Visual Studio Solution File, Format Version 12.00
# Visual Studio 2012
Project("{FAE04EC0-301F-11D3-BF4B-00C04F79EFBC}") = "SubtleOstrich.Logic", "SubtleOstrich.Logic\SubtleOstrich.Logic.csproj", "{5334D936-ADF9-4DB7-8026-D91631CA6ADF}"
EndProject
Project("{FAE04EC0-301F-11D3-BF4B-00C04F79EFBC}") = "SubtleOstrich.Logic.UnitTests", "SubtleOstrich.Logic.UnitTests\SubtleOstrich.Logic.UnitTests.csproj", "{26B2B47B-5919-425B-8043-9711F5DF4F13}"
EndProject
Project("{FAE04EC0-301F-11D3-BF4B-00C04F79EFBC}") = "SubtleOstrich.Web", "SubtleOstrich.Web\SubtleOstrich.Web.csproj", "{87FBDC98-F2B3-4D81-9453-D5DF5BFE7544}"
EndProject
Project("{2150E333-8FDC-42A3-9474-1A3956D46DE8}") = ".nuget", ".nuget", "{9F3AAAC1-133F-4BF0-AFC9-CEA66EF611B2}"
	ProjectSection(SolutionItems) = preProject
		.nuget\NuGet.Config = .nuget\NuGet.Config
		.nuget\NuGet.exe = .nuget\NuGet.exe
		.nuget\NuGet.targets = .nuget\NuGet.targets
	EndProjectSection
EndProject
Global
	GlobalSection(SolutionConfigurationPlatforms) = preSolution
		Debug|Any CPU = Debug|Any CPU
		Release|Any CPU = Release|Any CPU
	EndGlobalSection
	GlobalSection(ProjectConfigurationPlatforms) = postSolution
		{5334D936-ADF9-4DB7-8026-D91631CA6ADF}.Debug|Any CPU.ActiveCfg = Debug|Any CPU
		{5334D936-ADF9-4DB7-8026-D91631CA6ADF}.Debug|Any CPU.Build.0 = Debug|Any CPU
		{5334D936-ADF9-4DB7-8026-D91631CA6ADF}.Release|Any CPU.ActiveCfg = Release|Any CPU
		{5334D936-ADF9-4DB7-8026-D91631CA6ADF}.Release|Any CPU.Build.0 = Release|Any CPU
		{26B2B47B-5919-425B-8043-9711F5DF4F13}.Debug|Any CPU.ActiveCfg = Debug|Any CPU
		{26B2B47B-5919-425B-8043-9711F5DF4F13}.Debug|Any CPU.Build.0 = Debug|Any CPU
		{26B2B47B-5919-425B-8043-9711F5DF4F13}.Release|Any CPU.ActiveCfg = Release|Any CPU
		{26B2B47B-5919-425B-8043-9711F5DF4F13}.Release|Any CPU.Build.0 = Release|Any CPU
		{87FBDC98-F2B3-4D81-9453-D5DF5BFE7544}.Debug|Any CPU.ActiveCfg = Debug|Any CPU
		{87FBDC98-F2B3-4D81-9453-D5DF5BFE7544}.Debug|Any CPU.Build.0 = Debug|Any CPU
		{87FBDC98-F2B3-4D81-9453-D5DF5BFE7544}.Release|Any CPU.ActiveCfg = Release|Any CPU
		{87FBDC98-F2B3-4D81-9453-D5DF5BFE7544}.Release|Any CPU.Build.0 = Release|Any CPU
	EndGlobalSection
	GlobalSection(SolutionProperties) = preSolution
		HideSolutionNode = FALSE
	EndGlobalSection
EndGlobal
